
Microsoft Visual Studio Solution File, Format Version 12.00
# Visual Studio 14
VisualStudioVersion = 14.0.24720.0
MinimumVisualStudioVersion = 10.0.40219.1
Project("{2150E333-8FDC-42A3-9474-1A3956D46DE8}") = ".paket", ".paket", "{848F6F9C-5DB5-4422-B90E-2ECCDE5E7582}"
	ProjectSection(SolutionItems) = preProject
		paket.dependencies = paket.dependencies
	EndProjectSection
EndProject
Project("{2150E333-8FDC-42A3-9474-1A3956D46DE8}") = "Solution Items", "Solution Items", "{5673E2E5-48B3-45DC-A6BC-56A400EFD2EA}"
	ProjectSection(SolutionItems) = preProject
		.gitattributes = .gitattributes
		.gitignore = .gitignore
		paket.dependencies = paket.dependencies
		paket.lock = paket.lock
		readme.md = readme.md
	EndProjectSection
EndProject
Project("{F2A71F9B-5D33-465A-A702-920D77279786}") = "sample", "sample\sample.fsproj", "{49F5DB94-0965-4F2D-AE49-C5573D34BCB0}"
EndProject
Project("{F2A71F9B-5D33-465A-A702-920D77279786}") = "FsAst", "src\FsAst.fsproj", "{057534D9-199F-4231-84C8-AE658D10B834}"
EndProject
Global
	GlobalSection(SolutionConfigurationPlatforms) = preSolution
		Debug|Any CPU = Debug|Any CPU
		Release|Any CPU = Release|Any CPU
	EndGlobalSection
	GlobalSection(ProjectConfigurationPlatforms) = postSolution
		{49F5DB94-0965-4F2D-AE49-C5573D34BCB0}.Debug|Any CPU.ActiveCfg = Debug|Any CPU
		{49F5DB94-0965-4F2D-AE49-C5573D34BCB0}.Debug|Any CPU.Build.0 = Debug|Any CPU
		{49F5DB94-0965-4F2D-AE49-C5573D34BCB0}.Release|Any CPU.ActiveCfg = Release|Any CPU
		{49F5DB94-0965-4F2D-AE49-C5573D34BCB0}.Release|Any CPU.Build.0 = Release|Any CPU
		{057534D9-199F-4231-84C8-AE658D10B834}.Debug|Any CPU.ActiveCfg = Debug|Any CPU
		{057534D9-199F-4231-84C8-AE658D10B834}.Debug|Any CPU.Build.0 = Debug|Any CPU
		{057534D9-199F-4231-84C8-AE658D10B834}.Release|Any CPU.ActiveCfg = Release|Any CPU
		{057534D9-199F-4231-84C8-AE658D10B834}.Release|Any CPU.Build.0 = Release|Any CPU
	EndGlobalSection
	GlobalSection(SolutionProperties) = preSolution
		HideSolutionNode = FALSE
	EndGlobalSection
EndGlobal
